
Microsoft Visual Studio Solution File, Format Version 9.00
# Visual Studio 2005
Project("{FAE04EC0-301F-11D3-BF4B-00C04F79EFBC}") = "RealSample.Presentations", "RealSample.Presentations\RealSample.Presentations.csproj", "{E74F0496-1DEA-4D0A-9C16-C70997B7925B}"
EndProject
Project("{FAE04EC0-301F-11D3-BF4B-00C04F79EFBC}") = "RealSample.Core", "RealSample.Core\RealSample.Core.csproj", "{8CB581B5-874B-495F-BB76-3135E8B4539E}"
EndProject
Project("{FAE04EC0-301F-11D3-BF4B-00C04F79EFBC}") = "RealSample.Controls", "RealSample.Controls\RealSample.Controls.csproj", "{5347F066-255A-4D23-999B-73A2A94A3EF8}"
EndProject
Project("{FAE04EC0-301F-11D3-BF4B-00C04F79EFBC}") = "RealSample.Mvvm", "RealSample.Mvvm\RealSample.Mvvm.csproj", "{D295F29E-687D-4758-959D-F76A4091691B}"
EndProject
Project("{FAE04EC0-301F-11D3-BF4B-00C04F79EFBC}") = "RealSample.Delegate.Shared", "RealSample.Delegate.Shared\RealSample.Delegate.Shared.csproj", "{9823A519-34F8-449F-9E6E-CC9C63488E8C}"
EndProject
Project("{FAE04EC0-301F-11D3-BF4B-00C04F79EFBC}") = "RealSample.DBUtilities", "RealSample.DBUtilities\RealSample.DBUtilities.csproj", "{B79C7018-22D7-4ECF-9F97-ED2D840A431F}"
EndProject
Project("{FAE04EC0-301F-11D3-BF4B-00C04F79EFBC}") = "RealSample.BLL", "RealSample.BLL\RealSample.BLL.csproj", "{860DF24E-CB91-4055-8D23-1A5A4E011436}"
EndProject
Project("{FAE04EC0-301F-11D3-BF4B-00C04F79EFBC}") = "RealSample.BLL.Abstractions", "RealSample.BLL.Abstractions\RealSample.BLL.Abstractions.csproj", "{CAF24104-C3A8-46FD-B4A5-4C5E386CD3AE}"
EndProject
Project("{FAE04EC0-301F-11D3-BF4B-00C04F79EFBC}") = "RealSample.DAL.Abstractions", "RealSample.DAL.Abstractions\RealSample.DAL.Abstractions.csproj", "{7122F24B-82DF-4373-B876-F5A052C6EC66}"
EndProject
Project("{FAE04EC0-301F-11D3-BF4B-00C04F79EFBC}") = "RealSample.DAL", "RealSample.DAL\RealSample.DAL.csproj", "{F37CD609-C19F-4FD9-8CAC-71466BC39524}"
EndProject
Project("{2150E333-8FDC-42A3-9474-1A3956D46DE8}") = "Solution Items", "Solution Items", "{BC81D689-F85C-4FDF-B605-979CE02D0E4F}"
	ProjectSection(SolutionItems) = preProject
		script\migration_init.sql = script\migration_init.sql
	EndProjectSection
EndProject
Project("{FAE04EC0-301F-11D3-BF4B-00C04F79EFBC}") = "RealSample.Shared", "RealSample.Shared\RealSample.Shared.csproj", "{D2F780F4-5190-407B-B27B-EEC8CC9C2632}"
EndProject
Project("{FAE04EC0-301F-11D3-BF4B-00C04F79EFBC}") = "RealSample.Ioc", "RealSample.Ioc\RealSample.Ioc.csproj", "{39C3DAA4-E228-4833-8298-9EC101C28300}"
EndProject
Project("{2150E333-8FDC-42A3-9474-1A3956D46DE8}") = "DefaultPlugins", "DefaultPlugins", "{85A961DE-C3D3-46B0-8A68-3949819C9F10}"
EndProject
Project("{FAE04EC0-301F-11D3-BF4B-00C04F79EFBC}") = "RealSample.FilePlugin", "RealSample.FilePlugin\RealSample.FilePlugin.csproj", "{1711B020-A6EB-43B0-87A3-12B7712B0777}"
EndProject
Global
	GlobalSection(SolutionConfigurationPlatforms) = preSolution
		Debug|Any CPU = Debug|Any CPU
		Release|Any CPU = Release|Any CPU
	EndGlobalSection
	GlobalSection(ProjectConfigurationPlatforms) = postSolution
		{E74F0496-1DEA-4D0A-9C16-C70997B7925B}.Debug|Any CPU.ActiveCfg = Debug|Any CPU
		{E74F0496-1DEA-4D0A-9C16-C70997B7925B}.Debug|Any CPU.Build.0 = Debug|Any CPU
		{E74F0496-1DEA-4D0A-9C16-C70997B7925B}.Release|Any CPU.ActiveCfg = Release|Any CPU
		{E74F0496-1DEA-4D0A-9C16-C70997B7925B}.Release|Any CPU.Build.0 = Release|Any CPU
		{8CB581B5-874B-495F-BB76-3135E8B4539E}.Debug|Any CPU.ActiveCfg = Debug|Any CPU
		{8CB581B5-874B-495F-BB76-3135E8B4539E}.Debug|Any CPU.Build.0 = Debug|Any CPU
		{8CB581B5-874B-495F-BB76-3135E8B4539E}.Release|Any CPU.ActiveCfg = Release|Any CPU
		{8CB581B5-874B-495F-BB76-3135E8B4539E}.Release|Any CPU.Build.0 = Release|Any CPU
		{5347F066-255A-4D23-999B-73A2A94A3EF8}.Debug|Any CPU.ActiveCfg = Debug|Any CPU
		{5347F066-255A-4D23-999B-73A2A94A3EF8}.Debug|Any CPU.Build.0 = Debug|Any CPU
		{5347F066-255A-4D23-999B-73A2A94A3EF8}.Release|Any CPU.ActiveCfg = Release|Any CPU
		{5347F066-255A-4D23-999B-73A2A94A3EF8}.Release|Any CPU.Build.0 = Release|Any CPU
		{D295F29E-687D-4758-959D-F76A4091691B}.Debug|Any CPU.ActiveCfg = Debug|Any CPU
		{D295F29E-687D-4758-959D-F76A4091691B}.Debug|Any CPU.Build.0 = Debug|Any CPU
		{D295F29E-687D-4758-959D-F76A4091691B}.Release|Any CPU.ActiveCfg = Release|Any CPU
		{D295F29E-687D-4758-959D-F76A4091691B}.Release|Any CPU.Build.0 = Release|Any CPU
		{9823A519-34F8-449F-9E6E-CC9C63488E8C}.Debug|Any CPU.ActiveCfg = Debug|Any CPU
		{9823A519-34F8-449F-9E6E-CC9C63488E8C}.Debug|Any CPU.Build.0 = Debug|Any CPU
		{9823A519-34F8-449F-9E6E-CC9C63488E8C}.Release|Any CPU.ActiveCfg = Release|Any CPU
		{9823A519-34F8-449F-9E6E-CC9C63488E8C}.Release|Any CPU.Build.0 = Release|Any CPU
		{B79C7018-22D7-4ECF-9F97-ED2D840A431F}.Debug|Any CPU.ActiveCfg = Debug|Any CPU
		{B79C7018-22D7-4ECF-9F97-ED2D840A431F}.Debug|Any CPU.Build.0 = Debug|Any CPU
		{B79C7018-22D7-4ECF-9F97-ED2D840A431F}.Release|Any CPU.ActiveCfg = Release|Any CPU
		{B79C7018-22D7-4ECF-9F97-ED2D840A431F}.Release|Any CPU.Build.0 = Release|Any CPU
		{860DF24E-CB91-4055-8D23-1A5A4E011436}.Debug|Any CPU.ActiveCfg = Debug|Any CPU
		{860DF24E-CB91-4055-8D23-1A5A4E011436}.Debug|Any CPU.Build.0 = Debug|Any CPU
		{860DF24E-CB91-4055-8D23-1A5A4E011436}.Release|Any CPU.ActiveCfg = Release|Any CPU
		{860DF24E-CB91-4055-8D23-1A5A4E011436}.Release|Any CPU.Build.0 = Release|Any CPU
		{CAF24104-C3A8-46FD-B4A5-4C5E386CD3AE}.Debug|Any CPU.ActiveCfg = Debug|Any CPU
		{CAF24104-C3A8-46FD-B4A5-4C5E386CD3AE}.Debug|Any CPU.Build.0 = Debug|Any CPU
		{CAF24104-C3A8-46FD-B4A5-4C5E386CD3AE}.Release|Any CPU.ActiveCfg = Release|Any CPU
		{CAF24104-C3A8-46FD-B4A5-4C5E386CD3AE}.Release|Any CPU.Build.0 = Release|Any CPU
		{7122F24B-82DF-4373-B876-F5A052C6EC66}.Debug|Any CPU.ActiveCfg = Debug|Any CPU
		{7122F24B-82DF-4373-B876-F5A052C6EC66}.Debug|Any CPU.Build.0 = Debug|Any CPU
		{7122F24B-82DF-4373-B876-F5A052C6EC66}.Release|Any CPU.ActiveCfg = Release|Any CPU
		{7122F24B-82DF-4373-B876-F5A052C6EC66}.Release|Any CPU.Build.0 = Release|Any CPU
		{F37CD609-C19F-4FD9-8CAC-71466BC39524}.Debug|Any CPU.ActiveCfg = Debug|Any CPU
		{F37CD609-C19F-4FD9-8CAC-71466BC39524}.Debug|Any CPU.Build.0 = Debug|Any CPU
		{F37CD609-C19F-4FD9-8CAC-71466BC39524}.Release|Any CPU.ActiveCfg = Release|Any CPU
		{F37CD609-C19F-4FD9-8CAC-71466BC39524}.Release|Any CPU.Build.0 = Release|Any CPU
		{D2F780F4-5190-407B-B27B-EEC8CC9C2632}.Debug|Any CPU.ActiveCfg = Debug|Any CPU
		{D2F780F4-5190-407B-B27B-EEC8CC9C2632}.Debug|Any CPU.Build.0 = Debug|Any CPU
		{D2F780F4-5190-407B-B27B-EEC8CC9C2632}.Release|Any CPU.ActiveCfg = Release|Any CPU
		{D2F780F4-5190-407B-B27B-EEC8CC9C2632}.Release|Any CPU.Build.0 = Release|Any CPU
		{39C3DAA4-E228-4833-8298-9EC101C28300}.Debug|Any CPU.ActiveCfg = Debug|Any CPU
		{39C3DAA4-E228-4833-8298-9EC101C28300}.Debug|Any CPU.Build.0 = Debug|Any CPU
		{39C3DAA4-E228-4833-8298-9EC101C28300}.Release|Any CPU.ActiveCfg = Release|Any CPU
		{39C3DAA4-E228-4833-8298-9EC101C28300}.Release|Any CPU.Build.0 = Release|Any CPU
		{1711B020-A6EB-43B0-87A3-12B7712B0777}.Debug|Any CPU.ActiveCfg = Debug|Any CPU
		{1711B020-A6EB-43B0-87A3-12B7712B0777}.Debug|Any CPU.Build.0 = Debug|Any CPU
		{1711B020-A6EB-43B0-87A3-12B7712B0777}.Release|Any CPU.ActiveCfg = Release|Any CPU
		{1711B020-A6EB-43B0-87A3-12B7712B0777}.Release|Any CPU.Build.0 = Release|Any CPU
	EndGlobalSection
	GlobalSection(SolutionProperties) = preSolution
		HideSolutionNode = FALSE
	EndGlobalSection
	GlobalSection(NestedProjects) = preSolution
		{1711B020-A6EB-43B0-87A3-12B7712B0777} = {85A961DE-C3D3-46B0-8A68-3949819C9F10}
	EndGlobalSection
EndGlobal
